// !$*UTF8*$!
{
	archiveVersion = 1;
	classes = {
	};
	objectVersion = 56;
	objects = {

/* Begin PBXBuildFile section */
		F92CAF9E298032090015785C /* AddItemView.swift in Sources */ = {isa = PBXBuildFile; fileRef = F92CAF9D298032090015785C /* AddItemView.swift */; };
		F95D876A297EDFBC00D963CC /* To_Do_ListApp.swift in Sources */ = {isa = PBXBuildFile; fileRef = F95D8769297EDFBC00D963CC /* To_Do_ListApp.swift */; };
		F95D876C297EDFBC00D963CC /* ContentView.swift in Sources */ = {isa = PBXBuildFile; fileRef = F95D876B297EDFBC00D963CC /* ContentView.swift */; };
		F95D876E297EDFBE00D963CC /* Assets.xcassets in Resources */ = {isa = PBXBuildFile; fileRef = F95D876D297EDFBE00D963CC /* Assets.xcassets */; };
		F95D8771297EDFBE00D963CC /* Preview Assets.xcassets in Resources */ = {isa = PBXBuildFile; fileRef = F95D8770297EDFBE00D963CC /* Preview Assets.xcassets */; };
		F95D877B297EDFBE00D963CC /* To_Do_ListTests.swift in Sources */ = {isa = PBXBuildFile; fileRef = F95D877A297EDFBE00D963CC /* To_Do_ListTests.swift */; };
		F95D8785297EDFBE00D963CC /* To_Do_ListUITests.swift in Sources */ = {isa = PBXBuildFile; fileRef = F95D8784297EDFBE00D963CC /* To_Do_ListUITests.swift */; };
		F95D8787297EDFBE00D963CC /* To_Do_ListUITestsLaunchTests.swift in Sources */ = {isa = PBXBuildFile; fileRef = F95D8786297EDFBE00D963CC /* To_Do_ListUITestsLaunchTests.swift */; };
/* End PBXBuildFile section */

/* Begin PBXContainerItemProxy section */
		F95D8777297EDFBE00D963CC /* PBXContainerItemProxy */ = {
			isa = PBXContainerItemProxy;
			containerPortal = F95D875E297EDFBC00D963CC /* Project object */;
			proxyType = 1;
			remoteGlobalIDString = F95D8765297EDFBC00D963CC;
			remoteInfo = "To Do List";
		};
		F95D8781297EDFBE00D963CC /* PBXContainerItemProxy */ = {
			isa = PBXContainerItemProxy;
			containerPortal = F95D875E297EDFBC00D963CC /* Project object */;
			proxyType = 1;
			remoteGlobalIDString = F95D8765297EDFBC00D963CC;
			remoteInfo = "To Do List";
		};
/* End PBXContainerItemProxy section */

/* Begin PBXFileReference section */
		F92CAF9D298032090015785C /* AddItemView.swift */ = {isa = PBXFileReference; lastKnownFileType = sourcecode.swift; path = AddItemView.swift; sourceTree = "<group>"; };
		F95D8766297EDFBC00D963CC /* To Do List.app */ = {isa = PBXFileReference; explicitFileType = wrapper.application; includeInIndex = 0; path = "To Do List.app"; sourceTree = BUILT_PRODUCTS_DIR; };
		F95D8769297EDFBC00D963CC /* To_Do_ListApp.swift */ = {isa = PBXFileReference; lastKnownFileType = sourcecode.swift; path = To_Do_ListApp.swift; sourceTree = "<group>"; };
		F95D876B297EDFBC00D963CC /* ContentView.swift */ = {isa = PBXFileReference; lastKnownFileType = sourcecode.swift; path = ContentView.swift; sourceTree = "<group>"; };
		F95D876D297EDFBE00D963CC /* Assets.xcassets */ = {isa = PBXFileReference; lastKnownFileType = folder.assetcatalog; path = Assets.xcassets; sourceTree = "<group>"; };
		F95D8770297EDFBE00D963CC /* Preview Assets.xcassets */ = {isa = PBXFileReference; lastKnownFileType = folder.assetcatalog; path = "Preview Assets.xcassets"; sourceTree = "<group>"; };
		F95D8776297EDFBE00D963CC /* To Do ListTests.xctest */ = {isa = PBXFileReference; explicitFileType = wrapper.cfbundle; includeInIndex = 0; path = "To Do ListTests.xctest"; sourceTree = BUILT_PRODUCTS_DIR; };
		F95D877A297EDFBE00D963CC /* To_Do_ListTests.swift */ = {isa = PBXFileReference; lastKnownFileType = sourcecode.swift; path = To_Do_ListTests.swift; sourceTree = "<group>"; };
		F95D8780297EDFBE00D963CC /* To Do ListUITests.xctest */ = {isa = PBXFileReference; explicitFileType = wrapper.cfbundle; includeInIndex = 0; path = "To Do ListUITests.xctest"; sourceTree = BUILT_PRODUCTS_DIR; };
		F95D8784297EDFBE00D963CC /* To_Do_ListUITests.swift */ = {isa = PBXFileReference; lastKnownFileType = sourcecode.swift; path = To_Do_ListUITests.swift; sourceTree = "<group>"; };
		F95D8786297EDFBE00D963CC /* To_Do_ListUITestsLaunchTests.swift */ = {isa = PBXFileReference; lastKnownFileType = sourcecode.swift; path = To_Do_ListUITestsLaunchTests.swift; sourceTree = "<group>"; };
/* End PBXFileReference section */

/* Begin PBXFrameworksBuildPhase section */
		F95D8763297EDFBC00D963CC /* Frameworks */ = {
			isa = PBXFrameworksBuildPhase;
			buildActionMask = 2147483647;
			files = (
			);
			runOnlyForDeploymentPostprocessing = 0;
		};
		F95D8773297EDFBE00D963CC /* Frameworks */ = {
			isa = PBXFrameworksBuildPhase;
			buildActionMask = 2147483647;
			files = (
			);
			runOnlyForDeploymentPostprocessing = 0;
		};
		F95D877D297EDFBE00D963CC /* Frameworks */ = {
			isa = PBXFrameworksBuildPhase;
			buildActionMask = 2147483647;
			files = (
			);
			runOnlyForDeploymentPostprocessing = 0;
		};
/* End PBXFrameworksBuildPhase section */

/* Begin PBXGroup section */
		F95D875D297EDFBC00D963CC = {
			isa = PBXGroup;
			children = (
				F95D8768297EDFBC00D963CC /* To Do List */,
				F95D8779297EDFBE00D963CC /* To Do ListTests */,
				F95D8783297EDFBE00D963CC /* To Do ListUITests */,
				F95D8767297EDFBC00D963CC /* Products */,
			);
			sourceTree = "<group>";
		};
		F95D8767297EDFBC00D963CC /* Products */ = {
			isa = PBXGroup;
			children = (
				F95D8766297EDFBC00D963CC /* To Do List.app */,
				F95D8776297EDFBE00D963CC /* To Do ListTests.xctest */,
				F95D8780297EDFBE00D963CC /* To Do ListUITests.xctest */,
			);
			name = Products;
			sourceTree = "<group>";
		};
		F95D8768297EDFBC00D963CC /* To Do List */ = {
			isa = PBXGroup;
			children = (
				F95D8769297EDFBC00D963CC /* To_Do_ListApp.swift */,
				F95D876B297EDFBC00D963CC /* ContentView.swift */,
				F92CAF9D298032090015785C /* AddItemView.swift */,
				F95D876D297EDFBE00D963CC /* Assets.xcassets */,
				F95D876F297EDFBE00D963CC /* Preview Content */,
			);
			path = "To Do List";
			sourceTree = "<group>";
		};
		F95D876F297EDFBE00D963CC /* Preview Content */ = {
			isa = PBXGroup;
			children = (
				F95D8770297EDFBE00D963CC /* Preview Assets.xcassets */,
			);
			path = "Preview Content";
			sourceTree = "<group>";
		};
		F95D8779297EDFBE00D963CC /* To Do ListTests */ = {
			isa = PBXGroup;
			children = (
				F95D877A297EDFBE00D963CC /* To_Do_ListTests.swift */,
			);
			path = "To Do ListTests";
			sourceTree = "<group>";
		};
		F95D8783297EDFBE00D963CC /* To Do ListUITests */ = {
			isa = PBXGroup;
			children = (
				F95D8784297EDFBE00D963CC /* To_Do_ListUITests.swift */,
				F95D8786297EDFBE00D963CC /* To_Do_ListUITestsLaunchTests.swift */,
			);
			path = "To Do ListUITests";
			sourceTree = "<group>";
		};
/* End PBXGroup section */

/* Begin PBXNativeTarget section */
		F95D8765297EDFBC00D963CC /* To Do List */ = {
			isa = PBXNativeTarget;
			buildConfigurationList = F95D878A297EDFBE00D963CC /* Build configuration list for PBXNativeTarget "To Do List" */;
			buildPhases = (
				F95D8762297EDFBC00D963CC /* Sources */,
				F95D8763297EDFBC00D963CC /* Frameworks */,
				F95D8764297EDFBC00D963CC /* Resources */,
			);
			buildRules = (
			);
			dependencies = (
			);
			name = "To Do List";
			productName = "To Do List";
			productReference = F95D8766297EDFBC00D963CC /* To Do List.app */;
			productType = "com.apple.product-type.application";
		};
		F95D8775297EDFBE00D963CC /* To Do ListTests */ = {
			isa = PBXNativeTarget;
			buildConfigurationList = F95D878D297EDFBE00D963CC /* Build configuration list for PBXNativeTarget "To Do ListTests" */;
			buildPhases = (
				F95D8772297EDFBE00D963CC /* Sources */,
				F95D8773297EDFBE00D963CC /* Frameworks */,
				F95D8774297EDFBE00D963CC /* Resources */,
			);
			buildRules = (
			);
			dependencies = (
				F95D8778297EDFBE00D963CC /* PBXTargetDependency */,
			);
			name = "To Do ListTests";
			productName = "To Do ListTests";
			productReference = F95D8776297EDFBE00D963CC /* To Do ListTests.xctest */;
			productType = "com.apple.product-type.bundle.unit-test";
		};
		F95D877F297EDFBE00D963CC /* To Do ListUITests */ = {
			isa = PBXNativeTarget;
			buildConfigurationList = F95D8790297EDFBE00D963CC /* Build configuration list for PBXNativeTarget "To Do ListUITests" */;
			buildPhases = (
				F95D877C297EDFBE00D963CC /* Sources */,
				F95D877D297EDFBE00D963CC /* Frameworks */,
				F95D877E297EDFBE00D963CC /* Resources */,
			);
			buildRules = (
			);
			dependencies = (
				F95D8782297EDFBE00D963CC /* PBXTargetDependency */,
			);
			name = "To Do ListUITests";
			productName = "To Do ListUITests";
			productReference = F95D8780297EDFBE00D963CC /* To Do ListUITests.xctest */;
			productType = "com.apple.product-type.bundle.ui-testing";
		};
/* End PBXNativeTarget section */

/* Begin PBXProject section */
		F95D875E297EDFBC00D963CC /* Project object */ = {
			isa = PBXProject;
			attributes = {
				BuildIndependentTargetsInParallel = 1;
				LastSwiftUpdateCheck = 1400;
				LastUpgradeCheck = 1400;
				TargetAttributes = {
					F95D8765297EDFBC00D963CC = {
						CreatedOnToolsVersion = 14.0;
					};
					F95D8775297EDFBE00D963CC = {
						CreatedOnToolsVersion = 14.0;
						TestTargetID = F95D8765297EDFBC00D963CC;
					};
					F95D877F297EDFBE00D963CC = {
						CreatedOnToolsVersion = 14.0;
						TestTargetID = F95D8765297EDFBC00D963CC;
					};
				};
			};
			buildConfigurationList = F95D8761297EDFBC00D963CC /* Build configuration list for PBXProject "To Do List" */;
			compatibilityVersion = "Xcode 14.0";
			developmentRegion = en;
			hasScannedForEncodings = 0;
			knownRegions = (
				en,
				Base,
			);
			mainGroup = F95D875D297EDFBC00D963CC;
			productRefGroup = F95D8767297EDFBC00D963CC /* Products */;
			projectDirPath = "";
			projectRoot = "";
			targets = (
				F95D8765297EDFBC00D963CC /* To Do List */,
				F95D8775297EDFBE00D963CC /* To Do ListTests */,
				F95D877F297EDFBE00D963CC /* To Do ListUITests */,
			);
		};
/* End PBXProject section */

/* Begin PBXResourcesBuildPhase section */
		F95D8764297EDFBC00D963CC /* Resources */ = {
			isa = PBXResourcesBuildPhase;
			buildActionMask = 2147483647;
			files = (
				F95D8771297EDFBE00D963CC /* Preview Assets.xcassets in Resources */,
				F95D876E297EDFBE00D963CC /* Assets.xcassets in Resources */,
			);
			runOnlyForDeploymentPostprocessing = 0;
		};
		F95D8774297EDFBE00D963CC /* Resources */ = {
			isa = PBXResourcesBuildPhase;
			buildActionMask = 2147483647;
			files = (
			);
			runOnlyForDeploymentPostprocessing = 0;
		};
		F95D877E297EDFBE00D963CC /* Resources */ = {
			isa = PBXResourcesBuildPhase;
			buildActionMask = 2147483647;
			files = (
			);
			runOnlyForDeploymentPostprocessing = 0;
		};
/* End PBXResourcesBuildPhase section */

/* Begin PBXSourcesBuildPhase section */
		F95D8762297EDFBC00D963CC /* Sources */ = {
			isa = PBXSourcesBuildPhase;
			buildActionMask = 2147483647;
			files = (
				F95D876C297EDFBC00D963CC /* ContentView.swift in Sources */,
				F92CAF9E298032090015785C /* AddItemView.swift in Sources */,
				F95D876A297EDFBC00D963CC /* To_Do_ListApp.swift in Sources */,
			);
			runOnlyForDeploymentPostprocessing = 0;
		};
		F95D8772297EDFBE00D963CC /* Sources */ = {
			isa = PBXSourcesBuildPhase;
			buildActionMask = 2147483647;
			files = (
				F95D877B297EDFBE00D963CC /* To_Do_ListTests.swift in Sources */,
			);
			runOnlyForDeploymentPostprocessing = 0;
		};
		F95D877C297EDFBE00D963CC /* Sources */ = {
			isa = PBXSourcesBuildPhase;
			buildActionMask = 2147483647;
			files = (
				F95D8787297EDFBE00D963CC /* To_Do_ListUITestsLaunchTests.swift in Sources */,
				F95D8785297EDFBE00D963CC /* To_Do_ListUITests.swift in Sources */,
			);
			runOnlyForDeploymentPostprocessing = 0;
		};
/* End PBXSourcesBuildPhase section */

/* Begin PBXTargetDependency section */
		F95D8778297EDFBE00D963CC /* PBXTargetDependency */ = {
			isa = PBXTargetDependency;
			target = F95D8765297EDFBC00D963CC /* To Do List */;
			targetProxy = F95D8777297EDFBE00D963CC /* PBXContainerItemProxy */;
		};
		F95D8782297EDFBE00D963CC /* PBXTargetDependency */ = {
			isa = PBXTargetDependency;
			target = F95D8765297EDFBC00D963CC /* To Do List */;
			targetProxy = F95D8781297EDFBE00D963CC /* PBXContainerItemProxy */;
		};
/* End PBXTargetDependency section */

/* Begin XCBuildConfiguration section */
		F95D8788297EDFBE00D963CC /* Debug */ = {
			isa = XCBuildConfiguration;
			buildSettings = {
				ALWAYS_SEARCH_USER_PATHS = NO;
				CLANG_ANALYZER_NONNULL = YES;
				CLANG_ANALYZER_NUMBER_OBJECT_CONVERSION = YES_AGGRESSIVE;
				CLANG_CXX_LANGUAGE_STANDARD = "gnu++20";
				CLANG_ENABLE_MODULES = YES;
				CLANG_ENABLE_OBJC_ARC = YES;
				CLANG_ENABLE_OBJC_WEAK = YES;
				CLANG_WARN_BLOCK_CAPTURE_AUTORELEASING = YES;
				CLANG_WARN_BOOL_CONVERSION = YES;
				CLANG_WARN_COMMA = YES;
				CLANG_WARN_CONSTANT_CONVERSION = YES;
				CLANG_WARN_DEPRECATED_OBJC_IMPLEMENTATIONS = YES;
				CLANG_WARN_DIRECT_OBJC_ISA_USAGE = YES_ERROR;
				CLANG_WARN_DOCUMENTATION_COMMENTS = YES;
				CLANG_WARN_EMPTY_BODY = YES;
				CLANG_WARN_ENUM_CONVERSION = YES;
				CLANG_WARN_INFINITE_RECURSION = YES;
				CLANG_WARN_INT_CONVERSION = YES;
				CLANG_WARN_NON_LITERAL_NULL_CONVERSION = YES;
				CLANG_WARN_OBJC_IMPLICIT_RETAIN_SELF = YES;
				CLANG_WARN_OBJC_LITERAL_CONVERSION = YES;
				CLANG_WARN_OBJC_ROOT_CLASS = YES_ERROR;
				CLANG_WARN_QUOTED_INCLUDE_IN_FRAMEWORK_HEADER = YES;
				CLANG_WARN_RANGE_LOOP_ANALYSIS = YES;
				CLANG_WARN_STRICT_PROTOTYPES = YES;
				CLANG_WARN_SUSPICIOUS_MOVE = YES;
				CLANG_WARN_UNGUARDED_AVAILABILITY = YES_AGGRESSIVE;
				CLANG_WARN_UNREACHABLE_CODE = YES;
				CLANG_WARN__DUPLICATE_METHOD_MATCH = YES;
				COPY_PHASE_STRIP = NO;
				DEBUG_INFORMATION_FORMAT = dwarf;
				ENABLE_STRICT_OBJC_MSGSEND = YES;
				ENABLE_TESTABILITY = YES;
				GCC_C_LANGUAGE_STANDARD = gnu11;
				GCC_DYNAMIC_NO_PIC = NO;
				GCC_NO_COMMON_BLOCKS = YES;
				GCC_OPTIMIZATION_LEVEL = 0;
				GCC_PREPROCESSOR_DEFINITIONS = (
					"DEBUG=1",
					"$(inherited)",
				);
				GCC_WARN_64_TO_32_BIT_CONVERSION = YES;
				GCC_WARN_ABOUT_RETURN_TYPE = YES_ERROR;
				GCC_WARN_UNDECLARED_SELECTOR = YES;
				GCC_WARN_UNINITIALIZED_AUTOS = YES_AGGRESSIVE;
				GCC_WARN_UNUSED_FUNCTION = YES;
				GCC_WARN_UNUSED_VARIABLE = YES;
				IPHONEOS_DEPLOYMENT_TARGET = 16.0;
				MTL_ENABLE_DEBUG_INFO = INCLUDE_SOURCE;
				MTL_FAST_MATH = YES;
				ONLY_ACTIVE_ARCH = YES;
				SDKROOT = iphoneos;
				SWIFT_ACTIVE_COMPILATION_CONDITIONS = DEBUG;
				SWIFT_OPTIMIZATION_LEVEL = "-Onone";
			};
			name = Debug;
		};
		F95D8789297EDFBE00D963CC /* Release */ = {
			isa = XCBuildConfiguration;
			buildSettings = {
				ALWAYS_SEARCH_USER_PATHS = NO;
				CLANG_ANALYZER_NONNULL = YES;
				CLANG_ANALYZER_NUMBER_OBJECT_CONVERSION = YES_AGGRESSIVE;
				CLANG_CXX_LANGUAGE_STANDARD = "gnu++20";
				CLANG_ENABLE_MODULES = YES;
				CLANG_ENABLE_OBJC_ARC = YES;
				CLANG_ENABLE_OBJC_WEAK = YES;
				CLANG_WARN_BLOCK_CAPTURE_AUTORELEASING = YES;
				CLANG_WARN_BOOL_CONVERSION = YES;
				CLANG_WARN_COMMA = YES;
				CLANG_WARN_CONSTANT_CONVERSION = YES;
				CLANG_WARN_DEPRECATED_OBJC_IMPLEMENTATIONS = YES;
				CLANG_WARN_DIRECT_OBJC_ISA_USAGE = YES_ERROR;
				CLANG_WARN_DOCUMENTATION_COMMENTS = YES;
				CLANG_WARN_EMPTY_BODY = YES;
				CLANG_WARN_ENUM_CONVERSION = YES;
				CLANG_WARN_INFINITE_RECURSION = YES;
				CLANG_WARN_INT_CONVERSION = YES;
				CLANG_WARN_NON_LITERAL_NULL_CONVERSION = YES;
				CLANG_WARN_OBJC_IMPLICIT_RETAIN_SELF = YES;
				CLANG_WARN_OBJC_LITERAL_CONVERSION = YES;
				CLANG_WARN_OBJC_ROOT_CLASS = YES_ERROR;
				CLANG_WARN_QUOTED_INCLUDE_IN_FRAMEWORK_HEADER = YES;
				CLANG_WARN_RANGE_LOOP_ANALYSIS = YES;
				CLANG_WARN_STRICT_PROTOTYPES = YES;
				CLANG_WARN_SUSPICIOUS_MOVE = YES;
				CLANG_WARN_UNGUARDED_AVAILABILITY = YES_AGGRESSIVE;
				CLANG_WARN_UNREACHABLE_CODE = YES;
				CLANG_WARN__DUPLICATE_METHOD_MATCH = YES;
				COPY_PHASE_STRIP = NO;
				DEBUG_INFORMATION_FORMAT = "dwarf-with-dsym";
				ENABLE_NS_ASSERTIONS = NO;
				ENABLE_STRICT_OBJC_MSGSEND = YES;
				GCC_C_LANGUAGE_STANDARD = gnu11;
				GCC_NO_COMMON_BLOCKS = YES;
				GCC_WARN_64_TO_32_BIT_CONVERSION = YES;
				GCC_WARN_ABOUT_RETURN_TYPE = YES_ERROR;
				GCC_WARN_UNDECLARED_SELECTOR = YES;
				GCC_WARN_UNINITIALIZED_AUTOS = YES_AGGRESSIVE;
				GCC_WARN_UNUSED_FUNCTION = YES;
				GCC_WARN_UNUSED_VARIABLE = YES;
				IPHONEOS_DEPLOYMENT_TARGET = 16.0;
				MTL_ENABLE_DEBUG_INFO = NO;
				MTL_FAST_MATH = YES;
				SDKROOT = iphoneos;
				SWIFT_COMPILATION_MODE = wholemodule;
				SWIFT_OPTIMIZATION_LEVEL = "-O";
				VALIDATE_PRODUCT = YES;
			};
			name = Release;
		};
		F95D878B297EDFBE00D963CC /* Debug */ = {
			isa = XCBuildConfiguration;
			buildSettings = {
				ASSETCATALOG_COMPILER_APPICON_NAME = AppIcon;
				ASSETCATALOG_COMPILER_GLOBAL_ACCENT_COLOR_NAME = AccentColor;
				CODE_SIGN_STYLE = Automatic;
				CURRENT_PROJECT_VERSION = 1;
				DEVELOPMENT_ASSET_PATHS = "\"To Do List/Preview Content\"";
				DEVELOPMENT_TEAM = ZM8QD2KAG2;
				ENABLE_PREVIEWS = YES;
				GENERATE_INFOPLIST_FILE = YES;
				INFOPLIST_KEY_UIApplicationSceneManifest_Generation = YES;
				INFOPLIST_KEY_UIApplicationSupportsIndirectInputEvents = YES;
				INFOPLIST_KEY_UILaunchScreen_Generation = YES;
				INFOPLIST_KEY_UISupportedInterfaceOrientations_iPad = "UIInterfaceOrientationPortrait UIInterfaceOrientationPortraitUpsideDown UIInterfaceOrientationLandscapeLeft UIInterfaceOrientationLandscapeRight";
				INFOPLIST_KEY_UISupportedInterfaceOrientations_iPhone = "UIInterfaceOrientationPortrait UIInterfaceOrientationLandscapeLeft UIInterfaceOrientationLandscapeRight";
				LD_RUNPATH_SEARCH_PATHS = (
					"$(inherited)",
					"@executable_path/Frameworks",
				);
				MARKETING_VERSION = 1.0;
				PRODUCT_BUNDLE_IDENTIFIER = "BrightStar.To-Do-List";
				PRODUCT_NAME = "$(TARGET_NAME)";
				SWIFT_EMIT_LOC_STRINGS = YES;
				SWIFT_VERSION = 5.0;
				TARGETED_DEVICE_FAMILY = "1,2";
			};
			name = Debug;
		};
		F95D878C297EDFBE00D963CC /* Release */ = {
			isa = XCBuildConfiguration;
			buildSettings = {
				ASSETCATALOG_COMPILER_APPICON_NAME = AppIcon;
				ASSETCATALOG_COMPILER_GLOBAL_ACCENT_COLOR_NAME = AccentColor;
				CODE_SIGN_STYLE = Automatic;
				CURRENT_PROJECT_VERSION = 1;
				DEVELOPMENT_ASSET_PATHS = "\"To Do List/Preview Content\"";
				DEVELOPMENT_TEAM = ZM8QD2KAG2;
				ENABLE_PREVIEWS = YES;
				GENERATE_INFOPLIST_FILE = YES;
				INFOPLIST_KEY_UIApplicationSceneManifest_Generation = YES;
				INFOPLIST_KEY_UIApplicationSupportsIndirectInputEvents = YES;
				INFOPLIST_KEY_UILaunchScreen_Generation = YES;
				INFOPLIST_KEY_UISupportedInterfaceOrientations_iPad = "UIInterfaceOrientationPortrait UIInterfaceOrientationPortraitUpsideDown UIInterfaceOrientationLandscapeLeft UIInterfaceOrientationLandscapeRight";
				INFOPLIST_KEY_UISupportedInterfaceOrientations_iPhone = "UIInterfaceOrientationPortrait UIInterfaceOrientationLandscapeLeft UIInterfaceOrientationLandscapeRight";
				LD_RUNPATH_SEARCH_PATHS = (
					"$(inherited)",
					"@executable_path/Frameworks",
				);
				MARKETING_VERSION = 1.0;
				PRODUCT_BUNDLE_IDENTIFIER = "BrightStar.To-Do-List";
				PRODUCT_NAME = "$(TARGET_NAME)";
				SWIFT_EMIT_LOC_STRINGS = YES;
				SWIFT_VERSION = 5.0;
				TARGETED_DEVICE_FAMILY = "1,2";
			};
			name = Release;
		};
		F95D878E297EDFBE00D963CC /* Debug */ = {
			isa = XCBuildConfiguration;
			buildSettings = {
				ALWAYS_EMBED_SWIFT_STANDARD_LIBRARIES = YES;
				BUNDLE_LOADER = "$(TEST_HOST)";
				CODE_SIGN_STYLE = Automatic;
				CURRENT_PROJECT_VERSION = 1;
				DEVELOPMENT_TEAM = ZM8QD2KAG2;
				GENERATE_INFOPLIST_FILE = YES;
				IPHONEOS_DEPLOYMENT_TARGET = 16.0;
				MARKETING_VERSION = 1.0;
				PRODUCT_BUNDLE_IDENTIFIER = "BrightStar.To-Do-ListTests";
				PRODUCT_NAME = "$(TARGET_NAME)";
				SWIFT_EMIT_LOC_STRINGS = NO;
				SWIFT_VERSION = 5.0;
				TARGETED_DEVICE_FAMILY = "1,2";
				TEST_HOST = "$(BUILT_PRODUCTS_DIR)/To Do List.app/$(BUNDLE_EXECUTABLE_FOLDER_PATH)/To Do List";
			};
			name = Debug;
		};
		F95D878F297EDFBE00D963CC /* Release */ = {
			isa = XCBuildConfiguration;
			buildSettings = {
				ALWAYS_EMBED_SWIFT_STANDARD_LIBRARIES = YES;
				BUNDLE_LOADER = "$(TEST_HOST)";
				CODE_SIGN_STYLE = Automatic;
				CURRENT_PROJECT_VERSION = 1;
				DEVELOPMENT_TEAM = ZM8QD2KAG2;
				GENERATE_INFOPLIST_FILE = YES;
				IPHONEOS_DEPLOYMENT_TARGET = 16.0;
				MARKETING_VERSION = 1.0;
				PRODUCT_BUNDLE_IDENTIFIER = "BrightStar.To-Do-ListTests";
				PRODUCT_NAME = "$(TARGET_NAME)";
				SWIFT_EMIT_LOC_STRINGS = NO;
				SWIFT_VERSION = 5.0;
				TARGETED_DEVICE_FAMILY = "1,2";
				TEST_HOST = "$(BUILT_PRODUCTS_DIR)/To Do List.app/$(BUNDLE_EXECUTABLE_FOLDER_PATH)/To Do List";
			};
			name = Release;
		};
		F95D8791297EDFBE00D963CC /* Debug */ = {
			isa = XCBuildConfiguration;
			buildSettings = {
				ALWAYS_EMBED_SWIFT_STANDARD_LIBRARIES = YES;
				CODE_SIGN_STYLE = Automatic;
				CURRENT_PROJECT_VERSION = 1;
				DEVELOPMENT_TEAM = ZM8QD2KAG2;
				GENERATE_INFOPLIST_FILE = YES;
				MARKETING_VERSION = 1.0;
				PRODUCT_BUNDLE_IDENTIFIER = "BrightStar.To-Do-ListUITests";
				PRODUCT_NAME = "$(TARGET_NAME)";
				SWIFT_EMIT_LOC_STRINGS = NO;
				SWIFT_VERSION = 5.0;
				TARGETED_DEVICE_FAMILY = "1,2";
				TEST_TARGET_NAME = "To Do List";
			};
			name = Debug;
		};
		F95D8792297EDFBE00D963CC /* Release */ = {
			isa = XCBuildConfiguration;
			buildSettings = {
				ALWAYS_EMBED_SWIFT_STANDARD_LIBRARIES = YES;
				CODE_SIGN_STYLE = Automatic;
				CURRENT_PROJECT_VERSION = 1;
				DEVELOPMENT_TEAM = ZM8QD2KAG2;
				GENERATE_INFOPLIST_FILE = YES;
				MARKETING_VERSION = 1.0;
				PRODUCT_BUNDLE_IDENTIFIER = "BrightStar.To-Do-ListUITests";
				PRODUCT_NAME = "$(TARGET_NAME)";
				SWIFT_EMIT_LOC_STRINGS = NO;
				SWIFT_VERSION = 5.0;
				TARGETED_DEVICE_FAMILY = "1,2";
				TEST_TARGET_NAME = "To Do List";
			};
			name = Release;
		};
/* End XCBuildConfiguration section */

/* Begin XCConfigurationList section */
		F95D8761297EDFBC00D963CC /* Build configuration list for PBXProject "To Do List" */ = {
			isa = XCConfigurationList;
			buildConfigurations = (
				F95D8788297EDFBE00D963CC /* Debug */,
				F95D8789297EDFBE00D963CC /* Release */,
			);
			defaultConfigurationIsVisible = 0;
			defaultConfigurationName = Release;
		};
		F95D878A297EDFBE00D963CC /* Build configuration list for PBXNativeTarget "To Do List" */ = {
			isa = XCConfigurationList;
			buildConfigurations = (
				F95D878B297EDFBE00D963CC /* Debug */,
				F95D878C297EDFBE00D963CC /* Release */,
			);
			defaultConfigurationIsVisible = 0;
			defaultConfigurationName = Release;
		};
		F95D878D297EDFBE00D963CC /* Build configuration list for PBXNativeTarget "To Do ListTests" */ = {
			isa = XCConfigurationList;
			buildConfigurations = (
				F95D878E297EDFBE00D963CC /* Debug */,
				F95D878F297EDFBE00D963CC /* Release */,
			);
			defaultConfigurationIsVisible = 0;
			defaultConfigurationName = Release;
		};
		F95D8790297EDFBE00D963CC /* Build configuration list for PBXNativeTarget "To Do ListUITests" */ = {
			isa = XCConfigurationList;
			buildConfigurations = (
				F95D8791297EDFBE00D963CC /* Debug */,
				F95D8792297EDFBE00D963CC /* Release */,
			);
			defaultConfigurationIsVisible = 0;
			defaultConfigurationName = Release;
		};
/* End XCConfigurationList section */
	};
	rootObject = F95D875E297EDFBC00D963CC /* Project object */;
}
